
Microsoft Visual Studio Solution File, Format Version 12.00
# Visual Studio Version 17
VisualStudioVersion = 17.8.34525.116
MinimumVisualStudioVersion = 10.0.40219.1
Project("{9A19103F-16F7-4668-BE54-9A1E7A4F7556}") = "ClassTask_Uniser_.Net8", "..\ClassTask_Uniser_.Net8\ClassTask_Uniser_.Net8.csproj", "{8F8A4D12-DC0E-4F38-8B56-ED7D9BB93660}"
EndProject
Global
	GlobalSection(SolutionConfigurationPlatforms) = preSolution
		Debug|Any CPU = Debug|Any CPU
		Release|Any CPU = Release|Any CPU
	EndGlobalSection
	GlobalSection(ProjectConfigurationPlatforms) = postSolution
		{8F8A4D12-DC0E-4F38-8B56-ED7D9BB93660}.Debug|Any CPU.ActiveCfg = Debug|Any CPU
		{8F8A4D12-DC0E-4F38-8B56-ED7D9BB93660}.Debug|Any CPU.Build.0 = Debug|Any CPU
		{8F8A4D12-DC0E-4F38-8B56-ED7D9BB93660}.Release|Any CPU.ActiveCfg = Release|Any CPU
		{8F8A4D12-DC0E-4F38-8B56-ED7D9BB93660}.Release|Any CPU.Build.0 = Release|Any CPU
	EndGlobalSection
	GlobalSection(SolutionProperties) = preSolution
		HideSolutionNode = FALSE
	EndGlobalSection
	GlobalSection(ExtensibilityGlobals) = postSolution
		SolutionGuid = {09AB959B-3C6F-452B-81B5-C7C0614585C0}
	EndGlobalSection
EndGlobal
